Microsoft Visual Studio Solution File, Format Version 11.00
# Visual Studio 2008

Project("{65B7D920-E3EB-47BD-EB51-614513B64162}") = "OtoGame", "Assembly-CSharp-firstpass-vs.csproj", "{317FEFCD-25F5-3AD6-BCFA-9FC77DBC0868}"
EndProject
Project("{65B7D920-E3EB-47BD-EB51-614513B64162}") = "OtoGame", "Assembly-CSharp-vs.csproj", "{3321CC33-EE0B-C814-4DEE-D6D4B1A2F073}"
EndProject
Project("{65B7D920-E3EB-47BD-EB51-614513B64162}") = "OtoGame", "Assembly-CSharp-Editor-vs.csproj", "{3FD06019-CA2B-5DF5-19BA-CA747BE0B7A5}"
EndProject
Global
	GlobalSection(SolutionConfigurationPlatforms) = preSolution
		Debug|Any CPU = Debug|Any CPU
		Release|Any CPU = Release|Any CPU
	EndGlobalSection
	GlobalSection(ProjectConfigurationPlatforms) = postSolution
		{317FEFCD-25F5-3AD6-BCFA-9FC77DBC0868}.Debug|Any CPU.ActiveCfg = Debug|Any CPU
		{317FEFCD-25F5-3AD6-BCFA-9FC77DBC0868}.Debug|Any CPU.Build.0 = Debug|Any CPU
		{317FEFCD-25F5-3AD6-BCFA-9FC77DBC0868}.Release|Any CPU.ActiveCfg = Release|Any CPU
		{317FEFCD-25F5-3AD6-BCFA-9FC77DBC0868}.Release|Any CPU.Build.0 = Release|Any CPU
		{3321CC33-EE0B-C814-4DEE-D6D4B1A2F073}.Debug|Any CPU.ActiveCfg = Debug|Any CPU
		{3321CC33-EE0B-C814-4DEE-D6D4B1A2F073}.Debug|Any CPU.Build.0 = Debug|Any CPU
		{3321CC33-EE0B-C814-4DEE-D6D4B1A2F073}.Release|Any CPU.ActiveCfg = Release|Any CPU
		{3321CC33-EE0B-C814-4DEE-D6D4B1A2F073}.Release|Any CPU.Build.0 = Release|Any CPU
		{3FD06019-CA2B-5DF5-19BA-CA747BE0B7A5}.Debug|Any CPU.ActiveCfg = Debug|Any CPU
		{3FD06019-CA2B-5DF5-19BA-CA747BE0B7A5}.Debug|Any CPU.Build.0 = Debug|Any CPU
		{3FD06019-CA2B-5DF5-19BA-CA747BE0B7A5}.Release|Any CPU.ActiveCfg = Release|Any CPU
		{3FD06019-CA2B-5DF5-19BA-CA747BE0B7A5}.Release|Any CPU.Build.0 = Release|Any CPU
	EndGlobalSection
	GlobalSection(SolutionProperties) = preSolution
		HideSolutionNode = FALSE
	EndGlobalSection
																																												GlobalSection(MonoDevelopProperties) = preSolution
		StartupItem = Assembly-CSharp.csproj
		Policies = $0
		$0.TextStylePolicy = $1
		$1.inheritsSet = null
		$1.scope = text/x-csharp
		$0.CSharpFormattingPolicy = $2
		$2.inheritsSet = Mono
		$2.inheritsScope = text/x-csharp
		$2.scope = text/x-csharp
		$0.TextStylePolicy = $3
		$3.FileWidth = 120
		$3.TabWidth = 4
		$3.EolMarker = Unix
		$3.inheritsSet = Mono
		$3.inheritsScope = text/plain
		$3.scope = text/plain
	EndGlobalSection

EndGlobal
